
Microsoft Visual Studio Solution File, Format Version 12.00
# Visual Studio Version 16
VisualStudioVersion = 16.0.30621.155
MinimumVisualStudioVersion = 10.0.40219.1
Project("{9A19103F-16F7-4668-BE54-9A1E7A4F7556}") = "ArtCritic Desctop", "ArtCritic Desctop\ArtCritic Desctop.csproj", "{86D3ABBA-1617-4ECC-B69F-56475B53FA05}"
EndProject
Project("{FAE04EC0-301F-11D3-BF4B-00C04F79EFBC}") = "ArtCritic.Android", "ArtCritic\ArtCritic.Android\ArtCritic.Android.csproj", "{7FE54E9E-24DD-4AC6-BABC-5D8168BF9ED2}"
EndProject
Project("{FAE04EC0-301F-11D3-BF4B-00C04F79EFBC}") = "ArtCritic.iOS", "ArtCritic\ArtCritic.iOS\ArtCritic.iOS.csproj", "{F823A3CF-ECAB-48D4-A6CE-6D707BA73A1B}"
EndProject
Project("{FAE04EC0-301F-11D3-BF4B-00C04F79EFBC}") = "ArtCritic", "ArtCritic\ArtCritic\ArtCritic.csproj", "{19D3D8C8-4718-44B7-BAA1-85EA704BC171}"
EndProject
Global
	GlobalSection(SolutionConfigurationPlatforms) = preSolution
		Debug|Any CPU = Debug|Any CPU
		Debug|iPhone = Debug|iPhone
		Debug|iPhoneSimulator = Debug|iPhoneSimulator
		Release|Any CPU = Release|Any CPU
		Release|iPhone = Release|iPhone
		Release|iPhoneSimulator = Release|iPhoneSimulator
	EndGlobalSection
	GlobalSection(ProjectConfigurationPlatforms) = postSolution
		{86D3ABBA-1617-4ECC-B69F-56475B53FA05}.Debug|Any CPU.ActiveCfg = Debug|Any CPU
		{86D3ABBA-1617-4ECC-B69F-56475B53FA05}.Debug|Any CPU.Build.0 = Debug|Any CPU
		{86D3ABBA-1617-4ECC-B69F-56475B53FA05}.Debug|iPhone.ActiveCfg = Debug|Any CPU
		{86D3ABBA-1617-4ECC-B69F-56475B53FA05}.Debug|iPhone.Build.0 = Debug|Any CPU
		{86D3ABBA-1617-4ECC-B69F-56475B53FA05}.Debug|iPhoneSimulator.ActiveCfg = Debug|Any CPU
		{86D3ABBA-1617-4ECC-B69F-56475B53FA05}.Debug|iPhoneSimulator.Build.0 = Debug|Any CPU
		{86D3ABBA-1617-4ECC-B69F-56475B53FA05}.Release|Any CPU.ActiveCfg = Release|Any CPU
		{86D3ABBA-1617-4ECC-B69F-56475B53FA05}.Release|Any CPU.Build.0 = Release|Any CPU
		{86D3ABBA-1617-4ECC-B69F-56475B53FA05}.Release|iPhone.ActiveCfg = Release|Any CPU
		{86D3ABBA-1617-4ECC-B69F-56475B53FA05}.Release|iPhone.Build.0 = Release|Any CPU
		{86D3ABBA-1617-4ECC-B69F-56475B53FA05}.Release|iPhoneSimulator.ActiveCfg = Release|Any CPU
		{86D3ABBA-1617-4ECC-B69F-56475B53FA05}.Release|iPhoneSimulator.Build.0 = Release|Any CPU
		{7FE54E9E-24DD-4AC6-BABC-5D8168BF9ED2}.Debug|Any CPU.ActiveCfg = Debug|Any CPU
		{7FE54E9E-24DD-4AC6-BABC-5D8168BF9ED2}.Debug|Any CPU.Build.0 = Debug|Any CPU
		{7FE54E9E-24DD-4AC6-BABC-5D8168BF9ED2}.Debug|Any CPU.Deploy.0 = Debug|Any CPU
		{7FE54E9E-24DD-4AC6-BABC-5D8168BF9ED2}.Debug|iPhone.ActiveCfg = Debug|Any CPU
		{7FE54E9E-24DD-4AC6-BABC-5D8168BF9ED2}.Debug|iPhone.Build.0 = Debug|Any CPU
		{7FE54E9E-24DD-4AC6-BABC-5D8168BF9ED2}.Debug|iPhone.Deploy.0 = Debug|Any CPU
		{7FE54E9E-24DD-4AC6-BABC-5D8168BF9ED2}.Debug|iPhoneSimulator.ActiveCfg = Debug|Any CPU
		{7FE54E9E-24DD-4AC6-BABC-5D8168BF9ED2}.Debug|iPhoneSimulator.Build.0 = Debug|Any CPU
		{7FE54E9E-24DD-4AC6-BABC-5D8168BF9ED2}.Debug|iPhoneSimulator.Deploy.0 = Debug|Any CPU
		{7FE54E9E-24DD-4AC6-BABC-5D8168BF9ED2}.Release|Any CPU.ActiveCfg = Release|Any CPU
		{7FE54E9E-24DD-4AC6-BABC-5D8168BF9ED2}.Release|Any CPU.Build.0 = Release|Any CPU
		{7FE54E9E-24DD-4AC6-BABC-5D8168BF9ED2}.Release|Any CPU.Deploy.0 = Release|Any CPU
		{7FE54E9E-24DD-4AC6-BABC-5D8168BF9ED2}.Release|iPhone.ActiveCfg = Release|Any CPU
		{7FE54E9E-24DD-4AC6-BABC-5D8168BF9ED2}.Release|iPhone.Build.0 = Release|Any CPU
		{7FE54E9E-24DD-4AC6-BABC-5D8168BF9ED2}.Release|iPhone.Deploy.0 = Release|Any CPU
		{7FE54E9E-24DD-4AC6-BABC-5D8168BF9ED2}.Release|iPhoneSimulator.ActiveCfg = Release|Any CPU
		{7FE54E9E-24DD-4AC6-BABC-5D8168BF9ED2}.Release|iPhoneSimulator.Build.0 = Release|Any CPU
		{7FE54E9E-24DD-4AC6-BABC-5D8168BF9ED2}.Release|iPhoneSimulator.Deploy.0 = Release|Any CPU
		{F823A3CF-ECAB-48D4-A6CE-6D707BA73A1B}.Debug|Any CPU.ActiveCfg = Debug|iPhoneSimulator
		{F823A3CF-ECAB-48D4-A6CE-6D707BA73A1B}.Debug|iPhone.ActiveCfg = Debug|iPhone
		{F823A3CF-ECAB-48D4-A6CE-6D707BA73A1B}.Debug|iPhone.Build.0 = Debug|iPhone
		{F823A3CF-ECAB-48D4-A6CE-6D707BA73A1B}.Debug|iPhoneSimulator.ActiveCfg = Debug|iPhoneSimulator
		{F823A3CF-ECAB-48D4-A6CE-6D707BA73A1B}.Debug|iPhoneSimulator.Build.0 = Debug|iPhoneSimulator
		{F823A3CF-ECAB-48D4-A6CE-6D707BA73A1B}.Release|Any CPU.ActiveCfg = Release|iPhoneSimulator
		{F823A3CF-ECAB-48D4-A6CE-6D707BA73A1B}.Release|iPhone.ActiveCfg = Release|iPhone
		{F823A3CF-ECAB-48D4-A6CE-6D707BA73A1B}.Release|iPhone.Build.0 = Release|iPhone
		{F823A3CF-ECAB-48D4-A6CE-6D707BA73A1B}.Release|iPhoneSimulator.ActiveCfg = Release|iPhoneSimulator
		{F823A3CF-ECAB-48D4-A6CE-6D707BA73A1B}.Release|iPhoneSimulator.Build.0 = Release|iPhoneSimulator
		{19D3D8C8-4718-44B7-BAA1-85EA704BC171}.Debug|Any CPU.ActiveCfg = Debug|Any CPU
		{19D3D8C8-4718-44B7-BAA1-85EA704BC171}.Debug|Any CPU.Build.0 = Debug|Any CPU
		{19D3D8C8-4718-44B7-BAA1-85EA704BC171}.Debug|iPhone.ActiveCfg = Debug|Any CPU
		{19D3D8C8-4718-44B7-BAA1-85EA704BC171}.Debug|iPhone.Build.0 = Debug|Any CPU
		{19D3D8C8-4718-44B7-BAA1-85EA704BC171}.Debug|iPhoneSimulator.ActiveCfg = Debug|Any CPU
		{19D3D8C8-4718-44B7-BAA1-85EA704BC171}.Debug|iPhoneSimulator.Build.0 = Debug|Any CPU
		{19D3D8C8-4718-44B7-BAA1-85EA704BC171}.Release|Any CPU.ActiveCfg = Release|Any CPU
		{19D3D8C8-4718-44B7-BAA1-85EA704BC171}.Release|Any CPU.Build.0 = Release|Any CPU
		{19D3D8C8-4718-44B7-BAA1-85EA704BC171}.Release|iPhone.ActiveCfg = Release|Any CPU
		{19D3D8C8-4718-44B7-BAA1-85EA704BC171}.Release|iPhone.Build.0 = Release|Any CPU
		{19D3D8C8-4718-44B7-BAA1-85EA704BC171}.Release|iPhoneSimulator.ActiveCfg = Release|Any CPU
		{19D3D8C8-4718-44B7-BAA1-85EA704BC171}.Release|iPhoneSimulator.Build.0 = Release|Any CPU
	EndGlobalSection
	GlobalSection(SolutionProperties) = preSolution
		HideSolutionNode = FALSE
	EndGlobalSection
	GlobalSection(ExtensibilityGlobals) = postSolution
		SolutionGuid = {81EC96DE-89E7-4832-9C7A-1126A0D657ED}
	EndGlobalSection
EndGlobal
